
Microsoft Visual Studio Solution File, Format Version 12.00
# Visual Studio Version 17
VisualStudioVersion = 17.11.35327.3
MinimumVisualStudioVersion = 10.0.40219.1
Project("{8BC9CEB8-8B4A-11D0-8D11-00A0C91BC942}") = "L1", "L1\L1.vcxproj", "{103D316A-A604-4466-BA6C-C5750E494EF5}"
EndProject
Project("{8BC9CEB8-8B4A-11D0-8D11-00A0C91BC942}") = "L12", "..\L12\L12.vcxproj", "{AD2AF3B3-A486-46DE-8B48-C56F1D4789BA}"
EndProject
Global
	GlobalSection(SolutionConfigurationPlatforms) = preSolution
		Debug|x64 = Debug|x64
		Debug|x86 = Debug|x86
		Release|x64 = Release|x64
		Release|x86 = Release|x86
	EndGlobalSection
	GlobalSection(ProjectConfigurationPlatforms) = postSolution
		{103D316A-A604-4466-BA6C-C5750E494EF5}.Debug|x64.ActiveCfg = Debug|x64
		{103D316A-A604-4466-BA6C-C5750E494EF5}.Debug|x64.Build.0 = Debug|x64
		{103D316A-A604-4466-BA6C-C5750E494EF5}.Debug|x86.ActiveCfg = Debug|Win32
		{103D316A-A604-4466-BA6C-C5750E494EF5}.Debug|x86.Build.0 = Debug|Win32
		{103D316A-A604-4466-BA6C-C5750E494EF5}.Release|x64.ActiveCfg = Release|x64
		{103D316A-A604-4466-BA6C-C5750E494EF5}.Release|x64.Build.0 = Release|x64
		{103D316A-A604-4466-BA6C-C5750E494EF5}.Release|x86.ActiveCfg = Release|Win32
		{103D316A-A604-4466-BA6C-C5750E494EF5}.Release|x86.Build.0 = Release|Win32
		{AD2AF3B3-A486-46DE-8B48-C56F1D4789BA}.Debug|x64.ActiveCfg = Debug|x64
		{AD2AF3B3-A486-46DE-8B48-C56F1D4789BA}.Debug|x64.Build.0 = Debug|x64
		{AD2AF3B3-A486-46DE-8B48-C56F1D4789BA}.Debug|x86.ActiveCfg = Debug|Win32
		{AD2AF3B3-A486-46DE-8B48-C56F1D4789BA}.Debug|x86.Build.0 = Debug|Win32
		{AD2AF3B3-A486-46DE-8B48-C56F1D4789BA}.Release|x64.ActiveCfg = Release|x64
		{AD2AF3B3-A486-46DE-8B48-C56F1D4789BA}.Release|x64.Build.0 = Release|x64
		{AD2AF3B3-A486-46DE-8B48-C56F1D4789BA}.Release|x86.ActiveCfg = Release|Win32
		{AD2AF3B3-A486-46DE-8B48-C56F1D4789BA}.Release|x86.Build.0 = Release|Win32
	EndGlobalSection
	GlobalSection(SolutionProperties) = preSolution
		HideSolutionNode = FALSE
	EndGlobalSection
	GlobalSection(ExtensibilityGlobals) = postSolution
		SolutionGuid = {AA832201-9376-4E68-96EE-CB777B4FC739}
	EndGlobalSection
EndGlobal
